
Microsoft Visual Studio Solution File, Format Version 12.00
# Visual Studio Version 17
VisualStudioVersion = 17.1.32319.34
MinimumVisualStudioVersion = 10.0.40219.1
Project("{9A19103F-16F7-4668-BE54-9A1E7A4F7556}") = "PLTDemo1", "PLTDemo1\PLTDemo1.csproj", "{586FD026-95EC-4D01-9CBC-9EFF7E17F367}"
EndProject
Project("{9A19103F-16F7-4668-BE54-9A1E7A4F7556}") = "PLTLab17", "PLTLab17\PLTLab17.csproj", "{71BD81BB-65E9-4C4B-8EC6-87FC6D64A7F2}"
EndProject
Project("{FAE04EC0-301F-11D3-BF4B-00C04F79EFBC}") = "TrainerTraineeApp", "TrainerTraineeApp\TrainerTraineeApp.csproj", "{70B63343-1129-4404-B591-8DBFBE6C81BF}"
EndProject
Global
	GlobalSection(SolutionConfigurationPlatforms) = preSolution
		Debug|Any CPU = Debug|Any CPU
		Release|Any CPU = Release|Any CPU
	EndGlobalSection
	GlobalSection(ProjectConfigurationPlatforms) = postSolution
		{586FD026-95EC-4D01-9CBC-9EFF7E17F367}.Debug|Any CPU.ActiveCfg = Debug|Any CPU
		{586FD026-95EC-4D01-9CBC-9EFF7E17F367}.Debug|Any CPU.Build.0 = Debug|Any CPU
		{586FD026-95EC-4D01-9CBC-9EFF7E17F367}.Release|Any CPU.ActiveCfg = Release|Any CPU
		{586FD026-95EC-4D01-9CBC-9EFF7E17F367}.Release|Any CPU.Build.0 = Release|Any CPU
		{71BD81BB-65E9-4C4B-8EC6-87FC6D64A7F2}.Debug|Any CPU.ActiveCfg = Debug|Any CPU
		{71BD81BB-65E9-4C4B-8EC6-87FC6D64A7F2}.Debug|Any CPU.Build.0 = Debug|Any CPU
		{71BD81BB-65E9-4C4B-8EC6-87FC6D64A7F2}.Release|Any CPU.ActiveCfg = Release|Any CPU
		{71BD81BB-65E9-4C4B-8EC6-87FC6D64A7F2}.Release|Any CPU.Build.0 = Release|Any CPU
		{70B63343-1129-4404-B591-8DBFBE6C81BF}.Debug|Any CPU.ActiveCfg = Debug|Any CPU
		{70B63343-1129-4404-B591-8DBFBE6C81BF}.Debug|Any CPU.Build.0 = Debug|Any CPU
		{70B63343-1129-4404-B591-8DBFBE6C81BF}.Release|Any CPU.ActiveCfg = Release|Any CPU
		{70B63343-1129-4404-B591-8DBFBE6C81BF}.Release|Any CPU.Build.0 = Release|Any CPU
	EndGlobalSection
	GlobalSection(SolutionProperties) = preSolution
		HideSolutionNode = FALSE
	EndGlobalSection
	GlobalSection(ExtensibilityGlobals) = postSolution
		SolutionGuid = {4E60B693-584C-479B-893E-41D1BC491C8E}
	EndGlobalSection
EndGlobal
