
Microsoft Visual Studio Solution File, Format Version 12.00
# Visual Studio Version 17
VisualStudioVersion = 17.1.32319.34
MinimumVisualStudioVersion = 10.0.40219.1
Project("{9A19103F-16F7-4668-BE54-9A1E7A4F7556}") = "PLTDemo1", "PLTDemo1\PLTDemo1.csproj", "{586FD026-95EC-4D01-9CBC-9EFF7E17F367}"
EndProject
Project("{9A19103F-16F7-4668-BE54-9A1E7A4F7556}") = "PLTLab17", "PLTLab17\PLTLab17.csproj", "{71BD81BB-65E9-4C4B-8EC6-87FC6D64A7F2}"
EndProject
Project("{9A19103F-16F7-4668-BE54-9A1E7A4F7556}") = "TrainerTraineeApp", "TrainerTraineeApp\TrainerTraineeApp.csproj", "{70B63343-1129-4404-B591-8DBFBE6C81BF}"
EndProject
Project("{9A19103F-16F7-4668-BE54-9A1E7A4F7556}") = "IDELanguageAPP", "IDELanguageAPP\IDELanguageAPP.csproj", "{2682CD15-386B-4751-B484-2158B35E3410}"
EndProject
Project("{2150E333-8FDC-42A3-9474-1A3956D46DE8}") = "OO Programming Concepts", "OO Programming Concepts", "{DC422E61-1DA8-422A-80A0-F322A70028A7}"
EndProject
Project("{9A19103F-16F7-4668-BE54-9A1E7A4F7556}") = "OOConcepts", "OOConcepts\OOConcepts.csproj", "{687A352C-EDBD-4684-B199-B6E524CBB827}"
EndProject
Project("{9A19103F-16F7-4668-BE54-9A1E7A4F7556}") = "ArraysAndCollectionsDemo1", "ArraysAndCollectionsDemo1\ArraysAndCollectionsDemo1.csproj", "{D83DE0BB-8A94-443B-B007-22C7A34796FD}"
EndProject
Project("{9A19103F-16F7-4668-BE54-9A1E7A4F7556}") = "CollectionsDemo", "CollectionsDemo\CollectionsDemo.csproj", "{30A54DCD-4ACF-4E6E-A70E-18211399B76A}"
EndProject
Project("{2150E333-8FDC-42A3-9474-1A3956D46DE8}") = "Multi Layerd App Demo", "Multi Layerd App Demo", "{9C13C97E-ECC1-4DC7-8DDA-7107467693DA}"
EndProject
Project("{9A19103F-16F7-4668-BE54-9A1E7A4F7556}") = "SuperCalculatorConsoleApp", "SuperCalculatorConsoleApp\SuperCalculatorConsoleApp.csproj", "{A6C238E8-E397-4938-B443-C72B006184E4}"
EndProject
Project("{2150E333-8FDC-42A3-9474-1A3956D46DE8}") = "Presentation Layer", "Presentation Layer", "{82572673-4F9C-427E-B27D-ED7F2122717A}"
EndProject
Project("{2150E333-8FDC-42A3-9474-1A3956D46DE8}") = "Business Layer", "Business Layer", "{2E03B4A3-6E75-4848-8B48-1BBF304BDBE3}"
EndProject
Project("{2150E333-8FDC-42A3-9474-1A3956D46DE8}") = "Data Layer", "Data Layer", "{27EA17F0-6867-4695-B86C-F53350CF9EDF}"
EndProject
Project("{9A19103F-16F7-4668-BE54-9A1E7A4F7556}") = "CalculatorClassLibrary", "CalculatorClassLibrary\CalculatorClassLibrary.csproj", "{0160FC9E-2B6E-43FF-8955-48457C25FD87}"
EndProject
Project("{9A19103F-16F7-4668-BE54-9A1E7A4F7556}") = "SuperCalculatorWinFormsApp", "SuperCalculatorWinFormsApp\SuperCalculatorWinFormsApp.csproj", "{0D359E19-6134-456A-9994-E0AE92D38A80}"
EndProject
Project("{2150E333-8FDC-42A3-9474-1A3956D46DE8}") = "Ref and Labs", "Ref and Labs", "{A4D32027-3A2B-4EA5-8F52-53EBC3CA0BDC}"
EndProject
Project("{9A19103F-16F7-4668-BE54-9A1E7A4F7556}") = "RefMaterialsAndLabs", "RefMaterialsAndLabs\RefMaterialsAndLabs.csproj", "{27D71EFA-1F28-48D3-8C33-66F88630A3D2}"
EndProject
Project("{2150E333-8FDC-42A3-9474-1A3956D46DE8}") = "Delegates Demo", "Delegates Demo", "{079847BD-92EC-468B-A77D-70F357047A40}"
EndProject
Project("{9A19103F-16F7-4668-BE54-9A1E7A4F7556}") = "DelegatesDemo1", "DelegatesDemo1\DelegatesDemo1.csproj", "{1498399D-6147-4E3F-88A2-81B791BCE9A0}"
EndProject
Project("{9A19103F-16F7-4668-BE54-9A1E7A4F7556}") = "DelegatesDemo2", "DelegatesDemo2\DelegatesDemo2.csproj", "{A4C6D1CE-B0D4-4D8F-9065-2006463E3D28}"
EndProject
Project("{9A19103F-16F7-4668-BE54-9A1E7A4F7556}") = "DelegatesDemo3", "DelegatesDemo3\DelegatesDemo3.csproj", "{C6CE3B54-8E78-4E09-9D89-241087568298}"
EndProject
Project("{2150E333-8FDC-42A3-9474-1A3956D46DE8}") = "File Handling Demos", "File Handling Demos", "{0904F996-8919-4C33-BE38-524AC4DE7DEB}"
EndProject
Project("{9A19103F-16F7-4668-BE54-9A1E7A4F7556}") = "ContactManagerApplication", "ContactManagerApplication\ContactManagerApplication.csproj", "{CD7259EF-9513-477F-A7F1-A868DF7AF921}"
EndProject
Project("{9A19103F-16F7-4668-BE54-9A1E7A4F7556}") = "FileIOConsoleApp1", "FileIOConsoleApp1\FileIOConsoleApp1.csproj", "{8A2ADD02-9024-4E00-B7A0-CCD1F5724317}"
EndProject
Project("{2150E333-8FDC-42A3-9474-1A3956D46DE8}") = "File IO", "File IO", "{23A1F388-5182-401C-B5C9-80E4A4F7C9AF}"
	ProjectSection(SolutionItems) = preProject
		..\..\..\Labs\SearchEngineApplication Approach Document - Venkat.pdf = ..\..\..\Labs\SearchEngineApplication Approach Document - Venkat.pdf
	EndProjectSection
EndProject
Project("{2150E333-8FDC-42A3-9474-1A3956D46DE8}") = "Unit Testing Demo", "Unit Testing Demo", "{E73B5EA0-2AC0-4873-9B63-79BC66CBBC49}"
EndProject
Project("{2150E333-8FDC-42A3-9474-1A3956D46DE8}") = "Business Layer", "Business Layer", "{F54C9879-4745-4CC8-B4E8-BE9E43D46570}"
EndProject
Project("{2150E333-8FDC-42A3-9474-1A3956D46DE8}") = "UI Layer", "UI Layer", "{10A6A545-2F63-4BF2-9A3F-B690A8265CA6}"
EndProject
Project("{9A19103F-16F7-4668-BE54-9A1E7A4F7556}") = "CalculatorClassLibraryTestProject", "CalculatorClassLibraryTestProject\CalculatorClassLibraryTestProject.csproj", "{7736D6CD-53AF-45E5-9558-1B40CAEA999D}"
EndProject
Project("{9A19103F-16F7-4668-BE54-9A1E7A4F7556}") = "ABCBankAppLibrary", "ABCBankAppLibrary\ABCBankAppLibrary.csproj", "{C63A6A13-605C-4DD2-8770-F63A41CDFA0C}"
EndProject
Project("{9A19103F-16F7-4668-BE54-9A1E7A4F7556}") = "ABCBankAppUnitTest", "ABCBankAppUnitTest\ABCBankAppUnitTest.csproj", "{461D02FB-CF90-4E0B-8B63-0B41554F4A61}"
EndProject
Project("{2150E333-8FDC-42A3-9474-1A3956D46DE8}") = "Design Patterns and Principles", "Design Patterns and Principles", "{FAD289B1-2368-4F44-9ABF-22E7BAD38650}"
EndProject
Project("{FAE04EC0-301F-11D3-BF4B-00C04F79EFBC}") = "DesignPatternsDemo", "DesignPatternsDemo\DesignPatternsDemo.csproj", "{54BDE693-A4ED-41E0-A86B-05FF35681B73}"
EndProject
Project("{2150E333-8FDC-42A3-9474-1A3956D46DE8}") = "LINQ Demos", "LINQ Demos", "{629E99D4-C6A1-44D9-9C21-96850B9CF081}"
EndProject
Project("{FAE04EC0-301F-11D3-BF4B-00C04F79EFBC}") = "LanguageEnhancementsForLINQ", "LanguageEnhancementsForLINQ\LanguageEnhancementsForLINQ.csproj", "{B53D9800-A7D4-4E57-A797-2469C8561F1C}"
EndProject
Project("{FAE04EC0-301F-11D3-BF4B-00C04F79EFBC}") = "LinqDemos", "LinqDemos\LinqDemos.csproj", "{68229012-0FFC-4A6F-B35C-7252C2C1EFBA}"
EndProject
Project("{FAE04EC0-301F-11D3-BF4B-00C04F79EFBC}") = "LinqDemo3", "LinqDemo3\LinqDemo3.csproj", "{36CCE7F0-08F6-45F7-94E6-9D3D8535D09E}"
EndProject
Project("{FAE04EC0-301F-11D3-BF4B-00C04F79EFBC}") = "LinqDemo4", "LinqDemo4\LinqDemo4.csproj", "{257EEDFF-EC28-43DC-AD2A-6CF3C8F75E48}"
EndProject
Project("{FAE04EC0-301F-11D3-BF4B-00C04F79EFBC}") = "LinqToXML", "LinqToXML\LinqToXML.csproj", "{422701AC-3590-4FCA-9F1F-D97676F0AB20}"
EndProject
Project("{FAE04EC0-301F-11D3-BF4B-00C04F79EFBC}") = "LinqToObjects", "LinqToObjects\LinqToObjects.csproj", "{63238EBD-FCB3-46E2-A8FA-87695DBD3E9E}"
EndProject
Global
	GlobalSection(SolutionConfigurationPlatforms) = preSolution
		Debug|Any CPU = Debug|Any CPU
		Release|Any CPU = Release|Any CPU
	EndGlobalSection
	GlobalSection(ProjectConfigurationPlatforms) = postSolution
		{586FD026-95EC-4D01-9CBC-9EFF7E17F367}.Debug|Any CPU.ActiveCfg = Debug|Any CPU
		{586FD026-95EC-4D01-9CBC-9EFF7E17F367}.Debug|Any CPU.Build.0 = Debug|Any CPU
		{586FD026-95EC-4D01-9CBC-9EFF7E17F367}.Release|Any CPU.ActiveCfg = Release|Any CPU
		{586FD026-95EC-4D01-9CBC-9EFF7E17F367}.Release|Any CPU.Build.0 = Release|Any CPU
		{71BD81BB-65E9-4C4B-8EC6-87FC6D64A7F2}.Debug|Any CPU.ActiveCfg = Debug|Any CPU
		{71BD81BB-65E9-4C4B-8EC6-87FC6D64A7F2}.Debug|Any CPU.Build.0 = Debug|Any CPU
		{71BD81BB-65E9-4C4B-8EC6-87FC6D64A7F2}.Release|Any CPU.ActiveCfg = Release|Any CPU
		{71BD81BB-65E9-4C4B-8EC6-87FC6D64A7F2}.Release|Any CPU.Build.0 = Release|Any CPU
		{70B63343-1129-4404-B591-8DBFBE6C81BF}.Debug|Any CPU.ActiveCfg = Debug|Any CPU
		{70B63343-1129-4404-B591-8DBFBE6C81BF}.Debug|Any CPU.Build.0 = Debug|Any CPU
		{70B63343-1129-4404-B591-8DBFBE6C81BF}.Release|Any CPU.ActiveCfg = Release|Any CPU
		{70B63343-1129-4404-B591-8DBFBE6C81BF}.Release|Any CPU.Build.0 = Release|Any CPU
		{2682CD15-386B-4751-B484-2158B35E3410}.Debug|Any CPU.ActiveCfg = Debug|Any CPU
		{2682CD15-386B-4751-B484-2158B35E3410}.Debug|Any CPU.Build.0 = Debug|Any CPU
		{2682CD15-386B-4751-B484-2158B35E3410}.Release|Any CPU.ActiveCfg = Release|Any CPU
		{2682CD15-386B-4751-B484-2158B35E3410}.Release|Any CPU.Build.0 = Release|Any CPU
		{687A352C-EDBD-4684-B199-B6E524CBB827}.Debug|Any CPU.ActiveCfg = Debug|Any CPU
		{687A352C-EDBD-4684-B199-B6E524CBB827}.Debug|Any CPU.Build.0 = Debug|Any CPU
		{687A352C-EDBD-4684-B199-B6E524CBB827}.Release|Any CPU.ActiveCfg = Release|Any CPU
		{687A352C-EDBD-4684-B199-B6E524CBB827}.Release|Any CPU.Build.0 = Release|Any CPU
		{D83DE0BB-8A94-443B-B007-22C7A34796FD}.Debug|Any CPU.ActiveCfg = Debug|Any CPU
		{D83DE0BB-8A94-443B-B007-22C7A34796FD}.Debug|Any CPU.Build.0 = Debug|Any CPU
		{D83DE0BB-8A94-443B-B007-22C7A34796FD}.Release|Any CPU.ActiveCfg = Release|Any CPU
		{D83DE0BB-8A94-443B-B007-22C7A34796FD}.Release|Any CPU.Build.0 = Release|Any CPU
		{30A54DCD-4ACF-4E6E-A70E-18211399B76A}.Debug|Any CPU.ActiveCfg = Debug|Any CPU
		{30A54DCD-4ACF-4E6E-A70E-18211399B76A}.Debug|Any CPU.Build.0 = Debug|Any CPU
		{30A54DCD-4ACF-4E6E-A70E-18211399B76A}.Release|Any CPU.ActiveCfg = Release|Any CPU
		{30A54DCD-4ACF-4E6E-A70E-18211399B76A}.Release|Any CPU.Build.0 = Release|Any CPU
		{A6C238E8-E397-4938-B443-C72B006184E4}.Debug|Any CPU.ActiveCfg = Debug|Any CPU
		{A6C238E8-E397-4938-B443-C72B006184E4}.Debug|Any CPU.Build.0 = Debug|Any CPU
		{A6C238E8-E397-4938-B443-C72B006184E4}.Release|Any CPU.ActiveCfg = Release|Any CPU
		{A6C238E8-E397-4938-B443-C72B006184E4}.Release|Any CPU.Build.0 = Release|Any CPU
		{0160FC9E-2B6E-43FF-8955-48457C25FD87}.Debug|Any CPU.ActiveCfg = Debug|Any CPU
		{0160FC9E-2B6E-43FF-8955-48457C25FD87}.Debug|Any CPU.Build.0 = Debug|Any CPU
		{0160FC9E-2B6E-43FF-8955-48457C25FD87}.Release|Any CPU.ActiveCfg = Release|Any CPU
		{0160FC9E-2B6E-43FF-8955-48457C25FD87}.Release|Any CPU.Build.0 = Release|Any CPU
		{0D359E19-6134-456A-9994-E0AE92D38A80}.Debug|Any CPU.ActiveCfg = Debug|Any CPU
		{0D359E19-6134-456A-9994-E0AE92D38A80}.Debug|Any CPU.Build.0 = Debug|Any CPU
		{0D359E19-6134-456A-9994-E0AE92D38A80}.Release|Any CPU.ActiveCfg = Release|Any CPU
		{0D359E19-6134-456A-9994-E0AE92D38A80}.Release|Any CPU.Build.0 = Release|Any CPU
		{27D71EFA-1F28-48D3-8C33-66F88630A3D2}.Debug|Any CPU.ActiveCfg = Debug|Any CPU
		{27D71EFA-1F28-48D3-8C33-66F88630A3D2}.Debug|Any CPU.Build.0 = Debug|Any CPU
		{27D71EFA-1F28-48D3-8C33-66F88630A3D2}.Release|Any CPU.ActiveCfg = Release|Any CPU
		{27D71EFA-1F28-48D3-8C33-66F88630A3D2}.Release|Any CPU.Build.0 = Release|Any CPU
		{1498399D-6147-4E3F-88A2-81B791BCE9A0}.Debug|Any CPU.ActiveCfg = Debug|Any CPU
		{1498399D-6147-4E3F-88A2-81B791BCE9A0}.Debug|Any CPU.Build.0 = Debug|Any CPU
		{1498399D-6147-4E3F-88A2-81B791BCE9A0}.Release|Any CPU.ActiveCfg = Release|Any CPU
		{1498399D-6147-4E3F-88A2-81B791BCE9A0}.Release|Any CPU.Build.0 = Release|Any CPU
		{A4C6D1CE-B0D4-4D8F-9065-2006463E3D28}.Debug|Any CPU.ActiveCfg = Debug|Any CPU
		{A4C6D1CE-B0D4-4D8F-9065-2006463E3D28}.Debug|Any CPU.Build.0 = Debug|Any CPU
		{A4C6D1CE-B0D4-4D8F-9065-2006463E3D28}.Release|Any CPU.ActiveCfg = Release|Any CPU
		{A4C6D1CE-B0D4-4D8F-9065-2006463E3D28}.Release|Any CPU.Build.0 = Release|Any CPU
		{C6CE3B54-8E78-4E09-9D89-241087568298}.Debug|Any CPU.ActiveCfg = Debug|Any CPU
		{C6CE3B54-8E78-4E09-9D89-241087568298}.Debug|Any CPU.Build.0 = Debug|Any CPU
		{C6CE3B54-8E78-4E09-9D89-241087568298}.Release|Any CPU.ActiveCfg = Release|Any CPU
		{C6CE3B54-8E78-4E09-9D89-241087568298}.Release|Any CPU.Build.0 = Release|Any CPU
		{CD7259EF-9513-477F-A7F1-A868DF7AF921}.Debug|Any CPU.ActiveCfg = Debug|Any CPU
		{CD7259EF-9513-477F-A7F1-A868DF7AF921}.Debug|Any CPU.Build.0 = Debug|Any CPU
		{CD7259EF-9513-477F-A7F1-A868DF7AF921}.Release|Any CPU.ActiveCfg = Release|Any CPU
		{CD7259EF-9513-477F-A7F1-A868DF7AF921}.Release|Any CPU.Build.0 = Release|Any CPU
		{8A2ADD02-9024-4E00-B7A0-CCD1F5724317}.Debug|Any CPU.ActiveCfg = Debug|Any CPU
		{8A2ADD02-9024-4E00-B7A0-CCD1F5724317}.Debug|Any CPU.Build.0 = Debug|Any CPU
		{8A2ADD02-9024-4E00-B7A0-CCD1F5724317}.Release|Any CPU.ActiveCfg = Release|Any CPU
		{8A2ADD02-9024-4E00-B7A0-CCD1F5724317}.Release|Any CPU.Build.0 = Release|Any CPU
		{7736D6CD-53AF-45E5-9558-1B40CAEA999D}.Debug|Any CPU.ActiveCfg = Debug|Any CPU
		{7736D6CD-53AF-45E5-9558-1B40CAEA999D}.Debug|Any CPU.Build.0 = Debug|Any CPU
		{7736D6CD-53AF-45E5-9558-1B40CAEA999D}.Release|Any CPU.ActiveCfg = Release|Any CPU
		{7736D6CD-53AF-45E5-9558-1B40CAEA999D}.Release|Any CPU.Build.0 = Release|Any CPU
		{C63A6A13-605C-4DD2-8770-F63A41CDFA0C}.Debug|Any CPU.ActiveCfg = Debug|Any CPU
		{C63A6A13-605C-4DD2-8770-F63A41CDFA0C}.Debug|Any CPU.Build.0 = Debug|Any CPU
		{C63A6A13-605C-4DD2-8770-F63A41CDFA0C}.Release|Any CPU.ActiveCfg = Release|Any CPU
		{C63A6A13-605C-4DD2-8770-F63A41CDFA0C}.Release|Any CPU.Build.0 = Release|Any CPU
		{461D02FB-CF90-4E0B-8B63-0B41554F4A61}.Debug|Any CPU.ActiveCfg = Debug|Any CPU
		{461D02FB-CF90-4E0B-8B63-0B41554F4A61}.Debug|Any CPU.Build.0 = Debug|Any CPU
		{461D02FB-CF90-4E0B-8B63-0B41554F4A61}.Release|Any CPU.ActiveCfg = Release|Any CPU
		{461D02FB-CF90-4E0B-8B63-0B41554F4A61}.Release|Any CPU.Build.0 = Release|Any CPU
		{54BDE693-A4ED-41E0-A86B-05FF35681B73}.Debug|Any CPU.ActiveCfg = Debug|Any CPU
		{54BDE693-A4ED-41E0-A86B-05FF35681B73}.Debug|Any CPU.Build.0 = Debug|Any CPU
		{54BDE693-A4ED-41E0-A86B-05FF35681B73}.Release|Any CPU.ActiveCfg = Release|Any CPU
		{54BDE693-A4ED-41E0-A86B-05FF35681B73}.Release|Any CPU.Build.0 = Release|Any CPU
		{B53D9800-A7D4-4E57-A797-2469C8561F1C}.Debug|Any CPU.ActiveCfg = Debug|Any CPU
		{B53D9800-A7D4-4E57-A797-2469C8561F1C}.Debug|Any CPU.Build.0 = Debug|Any CPU
		{B53D9800-A7D4-4E57-A797-2469C8561F1C}.Release|Any CPU.ActiveCfg = Release|Any CPU
		{B53D9800-A7D4-4E57-A797-2469C8561F1C}.Release|Any CPU.Build.0 = Release|Any CPU
		{68229012-0FFC-4A6F-B35C-7252C2C1EFBA}.Debug|Any CPU.ActiveCfg = Debug|Any CPU
		{68229012-0FFC-4A6F-B35C-7252C2C1EFBA}.Debug|Any CPU.Build.0 = Debug|Any CPU
		{68229012-0FFC-4A6F-B35C-7252C2C1EFBA}.Release|Any CPU.ActiveCfg = Release|Any CPU
		{68229012-0FFC-4A6F-B35C-7252C2C1EFBA}.Release|Any CPU.Build.0 = Release|Any CPU
		{36CCE7F0-08F6-45F7-94E6-9D3D8535D09E}.Debug|Any CPU.ActiveCfg = Debug|Any CPU
		{36CCE7F0-08F6-45F7-94E6-9D3D8535D09E}.Debug|Any CPU.Build.0 = Debug|Any CPU
		{36CCE7F0-08F6-45F7-94E6-9D3D8535D09E}.Release|Any CPU.ActiveCfg = Release|Any CPU
		{36CCE7F0-08F6-45F7-94E6-9D3D8535D09E}.Release|Any CPU.Build.0 = Release|Any CPU
		{257EEDFF-EC28-43DC-AD2A-6CF3C8F75E48}.Debug|Any CPU.ActiveCfg = Debug|Any CPU
		{257EEDFF-EC28-43DC-AD2A-6CF3C8F75E48}.Debug|Any CPU.Build.0 = Debug|Any CPU
		{257EEDFF-EC28-43DC-AD2A-6CF3C8F75E48}.Release|Any CPU.ActiveCfg = Release|Any CPU
		{257EEDFF-EC28-43DC-AD2A-6CF3C8F75E48}.Release|Any CPU.Build.0 = Release|Any CPU
		{422701AC-3590-4FCA-9F1F-D97676F0AB20}.Debug|Any CPU.ActiveCfg = Debug|Any CPU
		{422701AC-3590-4FCA-9F1F-D97676F0AB20}.Debug|Any CPU.Build.0 = Debug|Any CPU
		{422701AC-3590-4FCA-9F1F-D97676F0AB20}.Release|Any CPU.ActiveCfg = Release|Any CPU
		{422701AC-3590-4FCA-9F1F-D97676F0AB20}.Release|Any CPU.Build.0 = Release|Any CPU
		{63238EBD-FCB3-46E2-A8FA-87695DBD3E9E}.Debug|Any CPU.ActiveCfg = Debug|Any CPU
		{63238EBD-FCB3-46E2-A8FA-87695DBD3E9E}.Debug|Any CPU.Build.0 = Debug|Any CPU
		{63238EBD-FCB3-46E2-A8FA-87695DBD3E9E}.Release|Any CPU.ActiveCfg = Release|Any CPU
		{63238EBD-FCB3-46E2-A8FA-87695DBD3E9E}.Release|Any CPU.Build.0 = Release|Any CPU
	EndGlobalSection
	GlobalSection(SolutionProperties) = preSolution
		HideSolutionNode = FALSE
	EndGlobalSection
	GlobalSection(NestedProjects) = preSolution
		{687A352C-EDBD-4684-B199-B6E524CBB827} = {DC422E61-1DA8-422A-80A0-F322A70028A7}
		{D83DE0BB-8A94-443B-B007-22C7A34796FD} = {DC422E61-1DA8-422A-80A0-F322A70028A7}
		{30A54DCD-4ACF-4E6E-A70E-18211399B76A} = {DC422E61-1DA8-422A-80A0-F322A70028A7}
		{A6C238E8-E397-4938-B443-C72B006184E4} = {82572673-4F9C-427E-B27D-ED7F2122717A}
		{82572673-4F9C-427E-B27D-ED7F2122717A} = {9C13C97E-ECC1-4DC7-8DDA-7107467693DA}
		{2E03B4A3-6E75-4848-8B48-1BBF304BDBE3} = {9C13C97E-ECC1-4DC7-8DDA-7107467693DA}
		{27EA17F0-6867-4695-B86C-F53350CF9EDF} = {9C13C97E-ECC1-4DC7-8DDA-7107467693DA}
		{0160FC9E-2B6E-43FF-8955-48457C25FD87} = {2E03B4A3-6E75-4848-8B48-1BBF304BDBE3}
		{0D359E19-6134-456A-9994-E0AE92D38A80} = {82572673-4F9C-427E-B27D-ED7F2122717A}
		{27D71EFA-1F28-48D3-8C33-66F88630A3D2} = {A4D32027-3A2B-4EA5-8F52-53EBC3CA0BDC}
		{1498399D-6147-4E3F-88A2-81B791BCE9A0} = {079847BD-92EC-468B-A77D-70F357047A40}
		{A4C6D1CE-B0D4-4D8F-9065-2006463E3D28} = {079847BD-92EC-468B-A77D-70F357047A40}
		{C6CE3B54-8E78-4E09-9D89-241087568298} = {079847BD-92EC-468B-A77D-70F357047A40}
		{CD7259EF-9513-477F-A7F1-A868DF7AF921} = {0904F996-8919-4C33-BE38-524AC4DE7DEB}
		{8A2ADD02-9024-4E00-B7A0-CCD1F5724317} = {0904F996-8919-4C33-BE38-524AC4DE7DEB}
		{23A1F388-5182-401C-B5C9-80E4A4F7C9AF} = {A4D32027-3A2B-4EA5-8F52-53EBC3CA0BDC}
		{F54C9879-4745-4CC8-B4E8-BE9E43D46570} = {E73B5EA0-2AC0-4873-9B63-79BC66CBBC49}
		{10A6A545-2F63-4BF2-9A3F-B690A8265CA6} = {E73B5EA0-2AC0-4873-9B63-79BC66CBBC49}
		{7736D6CD-53AF-45E5-9558-1B40CAEA999D} = {2E03B4A3-6E75-4848-8B48-1BBF304BDBE3}
		{C63A6A13-605C-4DD2-8770-F63A41CDFA0C} = {F54C9879-4745-4CC8-B4E8-BE9E43D46570}
		{461D02FB-CF90-4E0B-8B63-0B41554F4A61} = {F54C9879-4745-4CC8-B4E8-BE9E43D46570}
		{54BDE693-A4ED-41E0-A86B-05FF35681B73} = {FAD289B1-2368-4F44-9ABF-22E7BAD38650}
		{B53D9800-A7D4-4E57-A797-2469C8561F1C} = {629E99D4-C6A1-44D9-9C21-96850B9CF081}
		{68229012-0FFC-4A6F-B35C-7252C2C1EFBA} = {629E99D4-C6A1-44D9-9C21-96850B9CF081}
		{36CCE7F0-08F6-45F7-94E6-9D3D8535D09E} = {629E99D4-C6A1-44D9-9C21-96850B9CF081}
		{257EEDFF-EC28-43DC-AD2A-6CF3C8F75E48} = {629E99D4-C6A1-44D9-9C21-96850B9CF081}
		{422701AC-3590-4FCA-9F1F-D97676F0AB20} = {629E99D4-C6A1-44D9-9C21-96850B9CF081}
		{63238EBD-FCB3-46E2-A8FA-87695DBD3E9E} = {629E99D4-C6A1-44D9-9C21-96850B9CF081}
	EndGlobalSection
	GlobalSection(ExtensibilityGlobals) = postSolution
		SolutionGuid = {4E60B693-584C-479B-893E-41D1BC491C8E}
	EndGlobalSection
EndGlobal
