
Microsoft Visual Studio Solution File, Format Version 12.00
# Visual Studio Version 17
VisualStudioVersion = 17.1.32319.34
MinimumVisualStudioVersion = 10.0.40219.1
Project("{9A19103F-16F7-4668-BE54-9A1E7A4F7556}") = "PLTDemo1", "PLTDemo1\PLTDemo1.csproj", "{586FD026-95EC-4D01-9CBC-9EFF7E17F367}"
EndProject
Project("{9A19103F-16F7-4668-BE54-9A1E7A4F7556}") = "PLTLab17", "PLTLab17\PLTLab17.csproj", "{71BD81BB-65E9-4C4B-8EC6-87FC6D64A7F2}"
EndProject
Project("{9A19103F-16F7-4668-BE54-9A1E7A4F7556}") = "TrainerTraineeApp", "TrainerTraineeApp\TrainerTraineeApp.csproj", "{70B63343-1129-4404-B591-8DBFBE6C81BF}"
EndProject
Project("{9A19103F-16F7-4668-BE54-9A1E7A4F7556}") = "IDELanguageAPP", "IDELanguageAPP\IDELanguageAPP.csproj", "{2682CD15-386B-4751-B484-2158B35E3410}"
EndProject
Project("{2150E333-8FDC-42A3-9474-1A3956D46DE8}") = "OO Programming Concepts", "OO Programming Concepts", "{DC422E61-1DA8-422A-80A0-F322A70028A7}"
EndProject
Project("{FAE04EC0-301F-11D3-BF4B-00C04F79EFBC}") = "OOConcepts", "OOConcepts\OOConcepts.csproj", "{687A352C-EDBD-4684-B199-B6E524CBB827}"
EndProject
Project("{FAE04EC0-301F-11D3-BF4B-00C04F79EFBC}") = "ArraysAndCollectionsDemo1", "ArraysAndCollectionsDemo1\ArraysAndCollectionsDemo1.csproj", "{D83DE0BB-8A94-443B-B007-22C7A34796FD}"
EndProject
Project("{FAE04EC0-301F-11D3-BF4B-00C04F79EFBC}") = "CollectionsDemo", "CollectionsDemo\CollectionsDemo.csproj", "{30A54DCD-4ACF-4E6E-A70E-18211399B76A}"
EndProject
Project("{2150E333-8FDC-42A3-9474-1A3956D46DE8}") = "Multi Layerd App Demo", "Multi Layerd App Demo", "{9C13C97E-ECC1-4DC7-8DDA-7107467693DA}"
EndProject
Project("{FAE04EC0-301F-11D3-BF4B-00C04F79EFBC}") = "SuperCalculatorConsoleApp", "SuperCalculatorConsoleApp\SuperCalculatorConsoleApp.csproj", "{A6C238E8-E397-4938-B443-C72B006184E4}"
EndProject
Project("{2150E333-8FDC-42A3-9474-1A3956D46DE8}") = "Presentation Layer", "Presentation Layer", "{82572673-4F9C-427E-B27D-ED7F2122717A}"
EndProject
Project("{2150E333-8FDC-42A3-9474-1A3956D46DE8}") = "Business Layer", "Business Layer", "{2E03B4A3-6E75-4848-8B48-1BBF304BDBE3}"
EndProject
Project("{2150E333-8FDC-42A3-9474-1A3956D46DE8}") = "Data Layer", "Data Layer", "{27EA17F0-6867-4695-B86C-F53350CF9EDF}"
EndProject
Project("{FAE04EC0-301F-11D3-BF4B-00C04F79EFBC}") = "CalculatorClassLibrary", "CalculatorClassLibrary\CalculatorClassLibrary.csproj", "{0160FC9E-2B6E-43FF-8955-48457C25FD87}"
EndProject
Project("{FAE04EC0-301F-11D3-BF4B-00C04F79EFBC}") = "SuperCalculatorWinFormsApp", "SuperCalculatorWinFormsApp\SuperCalculatorWinFormsApp.csproj", "{0D359E19-6134-456A-9994-E0AE92D38A80}"
EndProject
Project("{2150E333-8FDC-42A3-9474-1A3956D46DE8}") = "Ref and Labs", "Ref and Labs", "{A4D32027-3A2B-4EA5-8F52-53EBC3CA0BDC}"
EndProject
Project("{FAE04EC0-301F-11D3-BF4B-00C04F79EFBC}") = "RefMaterialsAndLabs", "RefMaterialsAndLabs\RefMaterialsAndLabs.csproj", "{27D71EFA-1F28-48D3-8C33-66F88630A3D2}"
EndProject
Project("{2150E333-8FDC-42A3-9474-1A3956D46DE8}") = "Delegates Demo", "Delegates Demo", "{079847BD-92EC-468B-A77D-70F357047A40}"
EndProject
Project("{FAE04EC0-301F-11D3-BF4B-00C04F79EFBC}") = "DelegatesDemo1", "DelegatesDemo1\DelegatesDemo1.csproj", "{1498399D-6147-4E3F-88A2-81B791BCE9A0}"
EndProject
Project("{FAE04EC0-301F-11D3-BF4B-00C04F79EFBC}") = "DelegatesDemo2", "DelegatesDemo2\DelegatesDemo2.csproj", "{A4C6D1CE-B0D4-4D8F-9065-2006463E3D28}"
EndProject
Global
	GlobalSection(SolutionConfigurationPlatforms) = preSolution
		Debug|Any CPU = Debug|Any CPU
		Release|Any CPU = Release|Any CPU
	EndGlobalSection
	GlobalSection(ProjectConfigurationPlatforms) = postSolution
		{586FD026-95EC-4D01-9CBC-9EFF7E17F367}.Debug|Any CPU.ActiveCfg = Debug|Any CPU
		{586FD026-95EC-4D01-9CBC-9EFF7E17F367}.Debug|Any CPU.Build.0 = Debug|Any CPU
		{586FD026-95EC-4D01-9CBC-9EFF7E17F367}.Release|Any CPU.ActiveCfg = Release|Any CPU
		{586FD026-95EC-4D01-9CBC-9EFF7E17F367}.Release|Any CPU.Build.0 = Release|Any CPU
		{71BD81BB-65E9-4C4B-8EC6-87FC6D64A7F2}.Debug|Any CPU.ActiveCfg = Debug|Any CPU
		{71BD81BB-65E9-4C4B-8EC6-87FC6D64A7F2}.Debug|Any CPU.Build.0 = Debug|Any CPU
		{71BD81BB-65E9-4C4B-8EC6-87FC6D64A7F2}.Release|Any CPU.ActiveCfg = Release|Any CPU
		{71BD81BB-65E9-4C4B-8EC6-87FC6D64A7F2}.Release|Any CPU.Build.0 = Release|Any CPU
		{70B63343-1129-4404-B591-8DBFBE6C81BF}.Debug|Any CPU.ActiveCfg = Debug|Any CPU
		{70B63343-1129-4404-B591-8DBFBE6C81BF}.Debug|Any CPU.Build.0 = Debug|Any CPU
		{70B63343-1129-4404-B591-8DBFBE6C81BF}.Release|Any CPU.ActiveCfg = Release|Any CPU
		{70B63343-1129-4404-B591-8DBFBE6C81BF}.Release|Any CPU.Build.0 = Release|Any CPU
		{2682CD15-386B-4751-B484-2158B35E3410}.Debug|Any CPU.ActiveCfg = Debug|Any CPU
		{2682CD15-386B-4751-B484-2158B35E3410}.Debug|Any CPU.Build.0 = Debug|Any CPU
		{2682CD15-386B-4751-B484-2158B35E3410}.Release|Any CPU.ActiveCfg = Release|Any CPU
		{2682CD15-386B-4751-B484-2158B35E3410}.Release|Any CPU.Build.0 = Release|Any CPU
		{687A352C-EDBD-4684-B199-B6E524CBB827}.Debug|Any CPU.ActiveCfg = Debug|Any CPU
		{687A352C-EDBD-4684-B199-B6E524CBB827}.Debug|Any CPU.Build.0 = Debug|Any CPU
		{687A352C-EDBD-4684-B199-B6E524CBB827}.Release|Any CPU.ActiveCfg = Release|Any CPU
		{687A352C-EDBD-4684-B199-B6E524CBB827}.Release|Any CPU.Build.0 = Release|Any CPU
		{D83DE0BB-8A94-443B-B007-22C7A34796FD}.Debug|Any CPU.ActiveCfg = Debug|Any CPU
		{D83DE0BB-8A94-443B-B007-22C7A34796FD}.Debug|Any CPU.Build.0 = Debug|Any CPU
		{D83DE0BB-8A94-443B-B007-22C7A34796FD}.Release|Any CPU.ActiveCfg = Release|Any CPU
		{D83DE0BB-8A94-443B-B007-22C7A34796FD}.Release|Any CPU.Build.0 = Release|Any CPU
		{30A54DCD-4ACF-4E6E-A70E-18211399B76A}.Debug|Any CPU.ActiveCfg = Debug|Any CPU
		{30A54DCD-4ACF-4E6E-A70E-18211399B76A}.Debug|Any CPU.Build.0 = Debug|Any CPU
		{30A54DCD-4ACF-4E6E-A70E-18211399B76A}.Release|Any CPU.ActiveCfg = Release|Any CPU
		{30A54DCD-4ACF-4E6E-A70E-18211399B76A}.Release|Any CPU.Build.0 = Release|Any CPU
		{A6C238E8-E397-4938-B443-C72B006184E4}.Debug|Any CPU.ActiveCfg = Debug|Any CPU
		{A6C238E8-E397-4938-B443-C72B006184E4}.Debug|Any CPU.Build.0 = Debug|Any CPU
		{A6C238E8-E397-4938-B443-C72B006184E4}.Release|Any CPU.ActiveCfg = Release|Any CPU
		{A6C238E8-E397-4938-B443-C72B006184E4}.Release|Any CPU.Build.0 = Release|Any CPU
		{0160FC9E-2B6E-43FF-8955-48457C25FD87}.Debug|Any CPU.ActiveCfg = Debug|Any CPU
		{0160FC9E-2B6E-43FF-8955-48457C25FD87}.Debug|Any CPU.Build.0 = Debug|Any CPU
		{0160FC9E-2B6E-43FF-8955-48457C25FD87}.Release|Any CPU.ActiveCfg = Release|Any CPU
		{0160FC9E-2B6E-43FF-8955-48457C25FD87}.Release|Any CPU.Build.0 = Release|Any CPU
		{0D359E19-6134-456A-9994-E0AE92D38A80}.Debug|Any CPU.ActiveCfg = Debug|Any CPU
		{0D359E19-6134-456A-9994-E0AE92D38A80}.Debug|Any CPU.Build.0 = Debug|Any CPU
		{0D359E19-6134-456A-9994-E0AE92D38A80}.Release|Any CPU.ActiveCfg = Release|Any CPU
		{0D359E19-6134-456A-9994-E0AE92D38A80}.Release|Any CPU.Build.0 = Release|Any CPU
		{27D71EFA-1F28-48D3-8C33-66F88630A3D2}.Debug|Any CPU.ActiveCfg = Debug|Any CPU
		{27D71EFA-1F28-48D3-8C33-66F88630A3D2}.Debug|Any CPU.Build.0 = Debug|Any CPU
		{27D71EFA-1F28-48D3-8C33-66F88630A3D2}.Release|Any CPU.ActiveCfg = Release|Any CPU
		{27D71EFA-1F28-48D3-8C33-66F88630A3D2}.Release|Any CPU.Build.0 = Release|Any CPU
		{1498399D-6147-4E3F-88A2-81B791BCE9A0}.Debug|Any CPU.ActiveCfg = Debug|Any CPU
		{1498399D-6147-4E3F-88A2-81B791BCE9A0}.Debug|Any CPU.Build.0 = Debug|Any CPU
		{1498399D-6147-4E3F-88A2-81B791BCE9A0}.Release|Any CPU.ActiveCfg = Release|Any CPU
		{1498399D-6147-4E3F-88A2-81B791BCE9A0}.Release|Any CPU.Build.0 = Release|Any CPU
		{A4C6D1CE-B0D4-4D8F-9065-2006463E3D28}.Debug|Any CPU.ActiveCfg = Debug|Any CPU
		{A4C6D1CE-B0D4-4D8F-9065-2006463E3D28}.Debug|Any CPU.Build.0 = Debug|Any CPU
		{A4C6D1CE-B0D4-4D8F-9065-2006463E3D28}.Release|Any CPU.ActiveCfg = Release|Any CPU
		{A4C6D1CE-B0D4-4D8F-9065-2006463E3D28}.Release|Any CPU.Build.0 = Release|Any CPU
	EndGlobalSection
	GlobalSection(SolutionProperties) = preSolution
		HideSolutionNode = FALSE
	EndGlobalSection
	GlobalSection(NestedProjects) = preSolution
		{687A352C-EDBD-4684-B199-B6E524CBB827} = {DC422E61-1DA8-422A-80A0-F322A70028A7}
		{D83DE0BB-8A94-443B-B007-22C7A34796FD} = {DC422E61-1DA8-422A-80A0-F322A70028A7}
		{30A54DCD-4ACF-4E6E-A70E-18211399B76A} = {DC422E61-1DA8-422A-80A0-F322A70028A7}
		{A6C238E8-E397-4938-B443-C72B006184E4} = {82572673-4F9C-427E-B27D-ED7F2122717A}
		{82572673-4F9C-427E-B27D-ED7F2122717A} = {9C13C97E-ECC1-4DC7-8DDA-7107467693DA}
		{2E03B4A3-6E75-4848-8B48-1BBF304BDBE3} = {9C13C97E-ECC1-4DC7-8DDA-7107467693DA}
		{27EA17F0-6867-4695-B86C-F53350CF9EDF} = {9C13C97E-ECC1-4DC7-8DDA-7107467693DA}
		{0160FC9E-2B6E-43FF-8955-48457C25FD87} = {2E03B4A3-6E75-4848-8B48-1BBF304BDBE3}
		{0D359E19-6134-456A-9994-E0AE92D38A80} = {82572673-4F9C-427E-B27D-ED7F2122717A}
		{27D71EFA-1F28-48D3-8C33-66F88630A3D2} = {A4D32027-3A2B-4EA5-8F52-53EBC3CA0BDC}
		{1498399D-6147-4E3F-88A2-81B791BCE9A0} = {079847BD-92EC-468B-A77D-70F357047A40}
		{A4C6D1CE-B0D4-4D8F-9065-2006463E3D28} = {079847BD-92EC-468B-A77D-70F357047A40}
	EndGlobalSection
	GlobalSection(ExtensibilityGlobals) = postSolution
		SolutionGuid = {4E60B693-584C-479B-893E-41D1BC491C8E}
	EndGlobalSection
EndGlobal
